
Microsoft Visual Studio Solution File, Format Version 12.00
# Visual Studio Version 17
VisualStudioVersion = 17.1.32228.430
MinimumVisualStudioVersion = 10.0.40219.1
Project("{9A19103F-16F7-4668-BE54-9A1E7A4F7556}") = "MyGame", "MyGame\MyGame.csproj", "{2B891BCB-D64C-441A-B94C-912F3C9352A1}"
EndProject
Project("{FAE04EC0-301F-11D3-BF4B-00C04F79EFBC}") = "MyGame2", "MyGame2\MyGame2.csproj", "{7DA7C02A-CBEF-4767-9FD3-FED77B30185E}"
EndProject
Project("{FAE04EC0-301F-11D3-BF4B-00C04F79EFBC}") = "GameLibrary", "GameLibrary\GameLibrary.csproj", "{4B03264F-1809-433E-85DE-BBF88FB8610C}"
EndProject
Global
	GlobalSection(SolutionConfigurationPlatforms) = preSolution
		Debug|Any CPU = Debug|Any CPU
		Release|Any CPU = Release|Any CPU
	EndGlobalSection
	GlobalSection(ProjectConfigurationPlatforms) = postSolution
		{2B891BCB-D64C-441A-B94C-912F3C9352A1}.Debug|Any CPU.ActiveCfg = Debug|Any CPU
		{2B891BCB-D64C-441A-B94C-912F3C9352A1}.Debug|Any CPU.Build.0 = Debug|Any CPU
		{2B891BCB-D64C-441A-B94C-912F3C9352A1}.Release|Any CPU.ActiveCfg = Release|Any CPU
		{2B891BCB-D64C-441A-B94C-912F3C9352A1}.Release|Any CPU.Build.0 = Release|Any CPU
		{7DA7C02A-CBEF-4767-9FD3-FED77B30185E}.Debug|Any CPU.ActiveCfg = Debug|Any CPU
		{7DA7C02A-CBEF-4767-9FD3-FED77B30185E}.Debug|Any CPU.Build.0 = Debug|Any CPU
		{7DA7C02A-CBEF-4767-9FD3-FED77B30185E}.Release|Any CPU.ActiveCfg = Release|Any CPU
		{7DA7C02A-CBEF-4767-9FD3-FED77B30185E}.Release|Any CPU.Build.0 = Release|Any CPU
		{4B03264F-1809-433E-85DE-BBF88FB8610C}.Debug|Any CPU.ActiveCfg = Debug|Any CPU
		{4B03264F-1809-433E-85DE-BBF88FB8610C}.Debug|Any CPU.Build.0 = Debug|Any CPU
		{4B03264F-1809-433E-85DE-BBF88FB8610C}.Release|Any CPU.ActiveCfg = Release|Any CPU
		{4B03264F-1809-433E-85DE-BBF88FB8610C}.Release|Any CPU.Build.0 = Release|Any CPU
	EndGlobalSection
	GlobalSection(SolutionProperties) = preSolution
		HideSolutionNode = FALSE
	EndGlobalSection
	GlobalSection(ExtensibilityGlobals) = postSolution
		SolutionGuid = {2C42B41F-830D-433D-BF0D-106BB47D46C7}
	EndGlobalSection
EndGlobal
